// !$*UTF8*$!
{
	archiveVersion = 1;
	classes = {
	};
	objectVersion = 55;
	objects = {

/* Begin PBXBuildFile section */
		9B068B372853F3DD005444D7 /* textField.swift in Sources */ = {isa = PBXBuildFile; fileRef = 9B068B362853F3DD005444D7 /* textField.swift */; };
		9B0EB0922863BFEF00CA876A /* CustomTabBar.swift in Sources */ = {isa = PBXBuildFile; fileRef = 9B0EB0912863BFEF00CA876A /* CustomTabBar.swift */; };
		9B24BCF7283C09C30038B666 /* FirebaseAnalytics in Frameworks */ = {isa = PBXBuildFile; productRef = 9B24BCF6283C09C30038B666 /* FirebaseAnalytics */; };
		9B24BCF9283C09C30038B666 /* FirebaseDatabase in Frameworks */ = {isa = PBXBuildFile; productRef = 9B24BCF8283C09C30038B666 /* FirebaseDatabase */; };
		9B24BCFB283C09C30038B666 /* FirebaseFirestore in Frameworks */ = {isa = PBXBuildFile; productRef = 9B24BCFA283C09C30038B666 /* FirebaseFirestore */; };
		9B24BCFD283C09C30038B666 /* FirebaseStorage in Frameworks */ = {isa = PBXBuildFile; productRef = 9B24BCFC283C09C30038B666 /* FirebaseStorage */; };
		9B4373D22889F4BC0077C21E /* Siren in Frameworks */ = {isa = PBXBuildFile; productRef = 9B4373D12889F4BC0077C21E /* Siren */; };
		9B48A0E52835870C001499B2 /* color.swift in Sources */ = {isa = PBXBuildFile; fileRef = 9B48A0E42835870C001499B2 /* color.swift */; };
		9B48A0E728358736001499B2 /* SearchScreen.swift in Sources */ = {isa = PBXBuildFile; fileRef = 9B48A0E628358736001499B2 /* SearchScreen.swift */; };
		9B48A0E928358778001499B2 /* SearchScreenViewModel.swift in Sources */ = {isa = PBXBuildFile; fileRef = 9B48A0E828358778001499B2 /* SearchScreenViewModel.swift */; };
		9B5415B528384921002C17CA /* InfoAboutCompanyModel.swift in Sources */ = {isa = PBXBuildFile; fileRef = 9B5415B428384921002C17CA /* InfoAboutCompanyModel.swift */; };
		9B732FD4287CD4220059F901 /* SuggestionScreen.swift in Sources */ = {isa = PBXBuildFile; fileRef = 9B732FD3287CD4220059F901 /* SuggestionScreen.swift */; };
		9B8CD864284BD64100B79FFD /* CompanyListModel.swift in Sources */ = {isa = PBXBuildFile; fileRef = 9B8CD863284BD64100B79FFD /* CompanyListModel.swift */; };
		9BA122122822C65800F305A4 /* boycottRussiaApp.swift in Sources */ = {isa = PBXBuildFile; fileRef = 9BA122112822C65800F305A4 /* boycottRussiaApp.swift */; };
		9BA122162822C65B00F305A4 /* Assets.xcassets in Resources */ = {isa = PBXBuildFile; fileRef = 9BA122152822C65B00F305A4 /* Assets.xcassets */; };
		9BA122192822C65B00F305A4 /* Preview Assets.xcassets in Resources */ = {isa = PBXBuildFile; fileRef = 9BA122182822C65B00F305A4 /* Preview Assets.xcassets */; };
		9BA122252822CEE500F305A4 /* CodeScanner in Frameworks */ = {isa = PBXBuildFile; productRef = 9BA122242822CEE500F305A4 /* CodeScanner */; };
		9BCA28992883660800C37F8D /* SuggestiomScreenViewModel.swift in Sources */ = {isa = PBXBuildFile; fileRef = 9BCA28982883660800C37F8D /* SuggestiomScreenViewModel.swift */; };
		9BCA289B2883717300C37F8D /* SuggestionModel.swift in Sources */ = {isa = PBXBuildFile; fileRef = 9BCA289A2883717300C37F8D /* SuggestionModel.swift */; };
		9BCA289D288378E800C37F8D /* RandomString.swift in Sources */ = {isa = PBXBuildFile; fileRef = 9BCA289C288378E800C37F8D /* RandomString.swift */; };
		9BE28AB4283D371100CE22FB /* FirebaseManager.swift in Sources */ = {isa = PBXBuildFile; fileRef = 9BE28AB3283D371100CE22FB /* FirebaseManager.swift */; };
		9BE28AB6283D37F900CE22FB /* BarcodeModel.swift in Sources */ = {isa = PBXBuildFile; fileRef = 9BE28AB5283D37F900CE22FB /* BarcodeModel.swift */; };
		9BE28AB9283D5B6900CE22FB /* GoogleService-Info.plist in Resources */ = {isa = PBXBuildFile; fileRef = 9BE28AB8283D5B6900CE22FB /* GoogleService-Info.plist */; };
		9BF0BC292884C79B00D2C753 /* RatingListScreen.swift in Sources */ = {isa = PBXBuildFile; fileRef = 9BF0BC282884C79B00D2C753 /* RatingListScreen.swift */; };
		9BF0BC2B2884F51600D2C753 /* RatingListModel.swift in Sources */ = {isa = PBXBuildFile; fileRef = 9BF0BC2A2884F51600D2C753 /* RatingListModel.swift */; };
		9BF0BC2D2884F53600D2C753 /* RatingListViewModel.swift in Sources */ = {isa = PBXBuildFile; fileRef = 9BF0BC2C2884F53600D2C753 /* RatingListViewModel.swift */; };
		9BF3E0F3284BEC2300D64583 /* CompanyListViewModel.swift in Sources */ = {isa = PBXBuildFile; fileRef = 9BF3E0F2284BEC2300D64583 /* CompanyListViewModel.swift */; };
		9BF3E0F7284BEF2A00D64583 /* CompanyListScreen.swift in Sources */ = {isa = PBXBuildFile; fileRef = 9BF3E0F6284BEF2A00D64583 /* CompanyListScreen.swift */; };
/* End PBXBuildFile section */

/* Begin PBXFileReference section */
		9B068B362853F3DD005444D7 /* textField.swift */ = {isa = PBXFileReference; lastKnownFileType = sourcecode.swift; path = textField.swift; sourceTree = "<group>"; };
		9B0EB0912863BFEF00CA876A /* CustomTabBar.swift */ = {isa = PBXFileReference; lastKnownFileType = sourcecode.swift; path = CustomTabBar.swift; sourceTree = "<group>"; };
		9B48A0E42835870C001499B2 /* color.swift */ = {isa = PBXFileReference; lastKnownFileType = sourcecode.swift; path = color.swift; sourceTree = "<group>"; };
		9B48A0E628358736001499B2 /* SearchScreen.swift */ = {isa = PBXFileReference; lastKnownFileType = sourcecode.swift; path = SearchScreen.swift; sourceTree = "<group>"; usesTabs = 0; };
		9B48A0E828358778001499B2 /* SearchScreenViewModel.swift */ = {isa = PBXFileReference; lastKnownFileType = sourcecode.swift; path = SearchScreenViewModel.swift; sourceTree = "<group>"; };
		9B5415B428384921002C17CA /* InfoAboutCompanyModel.swift */ = {isa = PBXFileReference; lastKnownFileType = sourcecode.swift; path = InfoAboutCompanyModel.swift; sourceTree = "<group>"; };
		9B732FD3287CD4220059F901 /* SuggestionScreen.swift */ = {isa = PBXFileReference; lastKnownFileType = sourcecode.swift; path = SuggestionScreen.swift; sourceTree = "<group>"; tabWidth = 4; };
		9B8CD863284BD64100B79FFD /* CompanyListModel.swift */ = {isa = PBXFileReference; lastKnownFileType = sourcecode.swift; path = CompanyListModel.swift; sourceTree = "<group>"; };
		9BA1220E2822C65800F305A4 /* boycottRussia.app */ = {isa = PBXFileReference; explicitFileType = wrapper.application; includeInIndex = 0; path = boycottRussia.app; sourceTree = BUILT_PRODUCTS_DIR; };
		9BA122112822C65800F305A4 /* boycottRussiaApp.swift */ = {isa = PBXFileReference; lastKnownFileType = sourcecode.swift; path = boycottRussiaApp.swift; sourceTree = "<group>"; };
		9BA122152822C65B00F305A4 /* Assets.xcassets */ = {isa = PBXFileReference; lastKnownFileType = folder.assetcatalog; path = Assets.xcassets; sourceTree = "<group>"; };
		9BA122182822C65B00F305A4 /* Preview Assets.xcassets */ = {isa = PBXFileReference; lastKnownFileType = folder.assetcatalog; path = "Preview Assets.xcassets"; sourceTree = "<group>"; };
		9BCA28982883660800C37F8D /* SuggestiomScreenViewModel.swift */ = {isa = PBXFileReference; lastKnownFileType = sourcecode.swift; path = SuggestiomScreenViewModel.swift; sourceTree = "<group>"; };
		9BCA289A2883717300C37F8D /* SuggestionModel.swift */ = {isa = PBXFileReference; lastKnownFileType = sourcecode.swift; path = SuggestionModel.swift; sourceTree = "<group>"; };
		9BCA289C288378E800C37F8D /* RandomString.swift */ = {isa = PBXFileReference; lastKnownFileType = sourcecode.swift; path = RandomString.swift; sourceTree = "<group>"; };
		9BE28AB3283D371100CE22FB /* FirebaseManager.swift */ = {isa = PBXFileReference; lastKnownFileType = sourcecode.swift; path = FirebaseManager.swift; sourceTree = "<group>"; };
		9BE28AB5283D37F900CE22FB /* BarcodeModel.swift */ = {isa = PBXFileReference; lastKnownFileType = sourcecode.swift; path = BarcodeModel.swift; sourceTree = "<group>"; };
		9BE28AB8283D5B6900CE22FB /* GoogleService-Info.plist */ = {isa = PBXFileReference; fileEncoding = 4; lastKnownFileType = text.plist.xml; path = "GoogleService-Info.plist"; sourceTree = "<group>"; };
		9BF0BC282884C79B00D2C753 /* RatingListScreen.swift */ = {isa = PBXFileReference; lastKnownFileType = sourcecode.swift; path = RatingListScreen.swift; sourceTree = "<group>"; };
		9BF0BC2A2884F51600D2C753 /* RatingListModel.swift */ = {isa = PBXFileReference; lastKnownFileType = sourcecode.swift; path = RatingListModel.swift; sourceTree = "<group>"; };
		9BF0BC2C2884F53600D2C753 /* RatingListViewModel.swift */ = {isa = PBXFileReference; lastKnownFileType = sourcecode.swift; path = RatingListViewModel.swift; sourceTree = "<group>"; };
		9BF3E0F2284BEC2300D64583 /* CompanyListViewModel.swift */ = {isa = PBXFileReference; lastKnownFileType = sourcecode.swift; path = CompanyListViewModel.swift; sourceTree = "<group>"; };
		9BF3E0F6284BEF2A00D64583 /* CompanyListScreen.swift */ = {isa = PBXFileReference; lastKnownFileType = sourcecode.swift; path = CompanyListScreen.swift; sourceTree = "<group>"; };
/* End PBXFileReference section */

/* Begin PBXFrameworksBuildPhase section */
		9BA1220B2822C65800F305A4 /* Frameworks */ = {
			isa = PBXFrameworksBuildPhase;
			buildActionMask = 2147483647;
			files = (
				9B4373D22889F4BC0077C21E /* Siren in Frameworks */,
				9B24BCF9283C09C30038B666 /* FirebaseDatabase in Frameworks */,
				9B24BCFB283C09C30038B666 /* FirebaseFirestore in Frameworks */,
				9B24BCF7283C09C30038B666 /* FirebaseAnalytics in Frameworks */,
				9B24BCFD283C09C30038B666 /* FirebaseStorage in Frameworks */,
				9BA122252822CEE500F305A4 /* CodeScanner in Frameworks */,
			);
			runOnlyForDeploymentPostprocessing = 0;
		};
/* End PBXFrameworksBuildPhase section */

/* Begin PBXGroup section */
		9B0EB0902863BFD500CA876A /* CustomTabBar */ = {
			isa = PBXGroup;
			children = (
				9B0EB0912863BFEF00CA876A /* CustomTabBar.swift */,
			);
			path = CustomTabBar;
			sourceTree = "<group>";
		};
		9B1BAA232837FAE20013DBA2 /* Views */ = {
			isa = PBXGroup;
			children = (
				9B0EB0902863BFD500CA876A /* CustomTabBar */,
				9BF0BC272884C78200D2C753 /* RatingListScreen */,
				9BAB6D50287CD3D900BCDD2C /* HelpScreen */,
				9B8CD862284BD60D00B79FFD /* CompanyListScreen */,
				9BE28AB7283D433100CE22FB /* SearchScreen */,
			);
			path = Views;
			sourceTree = "<group>";
		};
		9B48A0E3283586F7001499B2 /* extension */ = {
			isa = PBXGroup;
			children = (
				9B48A0E42835870C001499B2 /* color.swift */,
				9B068B362853F3DD005444D7 /* textField.swift */,
				9BCA289C288378E800C37F8D /* RandomString.swift */,
			);
			path = extension;
			sourceTree = "<group>";
		};
		9B8CD862284BD60D00B79FFD /* CompanyListScreen */ = {
			isa = PBXGroup;
			children = (
				9B8CD863284BD64100B79FFD /* CompanyListModel.swift */,
				9BF3E0F2284BEC2300D64583 /* CompanyListViewModel.swift */,
				9BF3E0F6284BEF2A00D64583 /* CompanyListScreen.swift */,
			);
			path = CompanyListScreen;
			sourceTree = "<group>";
		};
		9BA122052822C65800F305A4 = {
			isa = PBXGroup;
			children = (
				9BA122102822C65800F305A4 /* boycottRussia */,
				9BA1220F2822C65800F305A4 /* Products */,
			);
			sourceTree = "<group>";
		};
		9BA1220F2822C65800F305A4 /* Products */ = {
			isa = PBXGroup;
			children = (
				9BA1220E2822C65800F305A4 /* boycottRussia.app */,
			);
			name = Products;
			sourceTree = "<group>";
		};
		9BA122102822C65800F305A4 /* boycottRussia */ = {
			isa = PBXGroup;
			children = (
				9BE28AB8283D5B6900CE22FB /* GoogleService-Info.plist */,
				9BE28AB3283D371100CE22FB /* FirebaseManager.swift */,
				9BA122112822C65800F305A4 /* boycottRussiaApp.swift */,
				9B48A0E3283586F7001499B2 /* extension */,
				9B1BAA232837FAE20013DBA2 /* Views */,
				9BA122152822C65B00F305A4 /* Assets.xcassets */,
				9BA122172822C65B00F305A4 /* Preview Content */,
			);
			path = boycottRussia;
			sourceTree = "<group>";
		};
		9BA122172822C65B00F305A4 /* Preview Content */ = {
			isa = PBXGroup;
			children = (
				9BA122182822C65B00F305A4 /* Preview Assets.xcassets */,
			);
			path = "Preview Content";
			sourceTree = "<group>";
		};
		9BAB6D50287CD3D900BCDD2C /* HelpScreen */ = {
			isa = PBXGroup;
			children = (
				9B732FD3287CD4220059F901 /* SuggestionScreen.swift */,
				9BCA28982883660800C37F8D /* SuggestiomScreenViewModel.swift */,
				9BCA289A2883717300C37F8D /* SuggestionModel.swift */,
			);
			path = HelpScreen;
			sourceTree = "<group>";
		};
		9BE28AB7283D433100CE22FB /* SearchScreen */ = {
			isa = PBXGroup;
			children = (
				9B48A0E828358778001499B2 /* SearchScreenViewModel.swift */,
				9BE28AB5283D37F900CE22FB /* BarcodeModel.swift */,
				9B48A0E628358736001499B2 /* SearchScreen.swift */,
				9B5415B428384921002C17CA /* InfoAboutCompanyModel.swift */,
			);
			path = SearchScreen;
			sourceTree = "<group>";
		};
		9BF0BC272884C78200D2C753 /* RatingListScreen */ = {
			isa = PBXGroup;
			children = (
				9BF0BC282884C79B00D2C753 /* RatingListScreen.swift */,
				9BF0BC2C2884F53600D2C753 /* RatingListViewModel.swift */,
				9BF0BC2A2884F51600D2C753 /* RatingListModel.swift */,
			);
			path = RatingListScreen;
			sourceTree = "<group>";
		};
/* End PBXGroup section */

/* Begin PBXNativeTarget section */
		9BA1220D2822C65800F305A4 /* boycottRussia */ = {
			isa = PBXNativeTarget;
			buildConfigurationList = 9BA1221C2822C65B00F305A4 /* Build configuration list for PBXNativeTarget "boycottRussia" */;
			buildPhases = (
				9BA1220A2822C65800F305A4 /* Sources */,
				9BA1220B2822C65800F305A4 /* Frameworks */,
				9BA1220C2822C65800F305A4 /* Resources */,
				9B986F8628515C1000F735B4 /* ShellScript */,
			);
			buildRules = (
			);
			dependencies = (
			);
			name = boycottRussia;
			packageProductDependencies = (
				9BA122242822CEE500F305A4 /* CodeScanner */,
				9B24BCF6283C09C30038B666 /* FirebaseAnalytics */,
				9B24BCF8283C09C30038B666 /* FirebaseDatabase */,
				9B24BCFA283C09C30038B666 /* FirebaseFirestore */,
				9B24BCFC283C09C30038B666 /* FirebaseStorage */,
				9B4373D12889F4BC0077C21E /* Siren */,
			);
			productName = boycottRussia;
			productReference = 9BA1220E2822C65800F305A4 /* boycottRussia.app */;
			productType = "com.apple.product-type.application";
		};
/* End PBXNativeTarget section */

/* Begin PBXProject section */
		9BA122062822C65800F305A4 /* Project object */ = {
			isa = PBXProject;
			attributes = {
				BuildIndependentTargetsInParallel = 1;
				LastSwiftUpdateCheck = 1330;
				LastUpgradeCheck = 1330;
				TargetAttributes = {
					9BA1220D2822C65800F305A4 = {
						CreatedOnToolsVersion = 13.3;
					};
				};
			};
			buildConfigurationList = 9BA122092822C65800F305A4 /* Build configuration list for PBXProject "boycottRussia" */;
			compatibilityVersion = "Xcode 13.0";
			developmentRegion = en;
			hasScannedForEncodings = 0;
			knownRegions = (
				en,
				Base,
			);
			mainGroup = 9BA122052822C65800F305A4;
			packageReferences = (
				9BA122232822CEE500F305A4 /* XCRemoteSwiftPackageReference "CodeScanner" */,
				9B24BCF5283C09C30038B666 /* XCRemoteSwiftPackageReference "firebase-ios-sdk" */,
				9B4373D02889F4BC0077C21E /* XCRemoteSwiftPackageReference "Siren" */,
			);
			productRefGroup = 9BA1220F2822C65800F305A4 /* Products */;
			projectDirPath = "";
			projectRoot = "";
			targets = (
				9BA1220D2822C65800F305A4 /* boycottRussia */,
			);
		};
/* End PBXProject section */

/* Begin PBXResourcesBuildPhase section */
		9BA1220C2822C65800F305A4 /* Resources */ = {
			isa = PBXResourcesBuildPhase;
			buildActionMask = 2147483647;
			files = (
				9BA122192822C65B00F305A4 /* Preview Assets.xcassets in Resources */,
				9BA122162822C65B00F305A4 /* Assets.xcassets in Resources */,
				9BE28AB9283D5B6900CE22FB /* GoogleService-Info.plist in Resources */,
			);
			runOnlyForDeploymentPostprocessing = 0;
		};
/* End PBXResourcesBuildPhase section */

/* Begin PBXShellScriptBuildPhase section */
		9B986F8628515C1000F735B4 /* ShellScript */ = {
			isa = PBXShellScriptBuildPhase;
			buildActionMask = 12;
			files = (
			);
			inputFileListPaths = (
			);
			inputPaths = (
			);
			outputFileListPaths = (
			);
			outputPaths = (
			);
			runOnlyForDeploymentPostprocessing = 0;
			shellPath = /bin/sh;
			shellScript = "# Type a script or drag a script file from your workspace to insert its path.\n\n";
		};
/* End PBXShellScriptBuildPhase section */

/* Begin PBXSourcesBuildPhase section */
		9BA1220A2822C65800F305A4 /* Sources */ = {
			isa = PBXSourcesBuildPhase;
			buildActionMask = 2147483647;
			files = (
				9B5415B528384921002C17CA /* InfoAboutCompanyModel.swift in Sources */,
				9B48A0E52835870C001499B2 /* color.swift in Sources */,
				9BCA28992883660800C37F8D /* SuggestiomScreenViewModel.swift in Sources */,
				9BF3E0F3284BEC2300D64583 /* CompanyListViewModel.swift in Sources */,
				9B0EB0922863BFEF00CA876A /* CustomTabBar.swift in Sources */,
				9BF0BC2B2884F51600D2C753 /* RatingListModel.swift in Sources */,
				9B068B372853F3DD005444D7 /* textField.swift in Sources */,
				9BE28AB6283D37F900CE22FB /* BarcodeModel.swift in Sources */,
				9B48A0E928358778001499B2 /* SearchScreenViewModel.swift in Sources */,
				9BF0BC2D2884F53600D2C753 /* RatingListViewModel.swift in Sources */,
				9BF3E0F7284BEF2A00D64583 /* CompanyListScreen.swift in Sources */,
				9BCA289B2883717300C37F8D /* SuggestionModel.swift in Sources */,
				9BF0BC292884C79B00D2C753 /* RatingListScreen.swift in Sources */,
				9B8CD864284BD64100B79FFD /* CompanyListModel.swift in Sources */,
				9BCA289D288378E800C37F8D /* RandomString.swift in Sources */,
				9BE28AB4283D371100CE22FB /* FirebaseManager.swift in Sources */,
				9B48A0E728358736001499B2 /* SearchScreen.swift in Sources */,
				9B732FD4287CD4220059F901 /* SuggestionScreen.swift in Sources */,
				9BA122122822C65800F305A4 /* boycottRussiaApp.swift in Sources */,
			);
			runOnlyForDeploymentPostprocessing = 0;
		};
/* End PBXSourcesBuildPhase section */

/* Begin XCBuildConfiguration section */
		9BA1221A2822C65B00F305A4 /* Debug */ = {
			isa = XCBuildConfiguration;
			buildSettings = {
				ALWAYS_SEARCH_USER_PATHS = NO;
				CLANG_ANALYZER_NONNULL = YES;
				CLANG_ANALYZER_NUMBER_OBJECT_CONVERSION = YES_AGGRESSIVE;
				CLANG_CXX_LANGUAGE_STANDARD = "gnu++17";
				CLANG_ENABLE_MODULES = YES;
				CLANG_ENABLE_OBJC_ARC = YES;
				CLANG_ENABLE_OBJC_WEAK = YES;
				CLANG_WARN_BLOCK_CAPTURE_AUTORELEASING = YES;
				CLANG_WARN_BOOL_CONVERSION = YES;
				CLANG_WARN_COMMA = YES;
				CLANG_WARN_CONSTANT_CONVERSION = YES;
				CLANG_WARN_DEPRECATED_OBJC_IMPLEMENTATIONS = YES;
				CLANG_WARN_DIRECT_OBJC_ISA_USAGE = YES_ERROR;
				CLANG_WARN_DOCUMENTATION_COMMENTS = YES;
				CLANG_WARN_EMPTY_BODY = YES;
				CLANG_WARN_ENUM_CONVERSION = YES;
				CLANG_WARN_INFINITE_RECURSION = YES;
				CLANG_WARN_INT_CONVERSION = YES;
				CLANG_WARN_NON_LITERAL_NULL_CONVERSION = YES;
				CLANG_WARN_OBJC_IMPLICIT_RETAIN_SELF = YES;
				CLANG_WARN_OBJC_LITERAL_CONVERSION = YES;
				CLANG_WARN_OBJC_ROOT_CLASS = YES_ERROR;
				CLANG_WARN_QUOTED_INCLUDE_IN_FRAMEWORK_HEADER = YES;
				CLANG_WARN_RANGE_LOOP_ANALYSIS = YES;
				CLANG_WARN_STRICT_PROTOTYPES = YES;
				CLANG_WARN_SUSPICIOUS_MOVE = YES;
				CLANG_WARN_UNGUARDED_AVAILABILITY = YES_AGGRESSIVE;
				CLANG_WARN_UNREACHABLE_CODE = YES;
				CLANG_WARN__DUPLICATE_METHOD_MATCH = YES;
				COPY_PHASE_STRIP = NO;
				DEBUG_INFORMATION_FORMAT = dwarf;
				ENABLE_STRICT_OBJC_MSGSEND = YES;
				ENABLE_TESTABILITY = YES;
				GCC_C_LANGUAGE_STANDARD = gnu11;
				GCC_DYNAMIC_NO_PIC = NO;
				GCC_NO_COMMON_BLOCKS = YES;
				GCC_OPTIMIZATION_LEVEL = 0;
				GCC_PREPROCESSOR_DEFINITIONS = (
					"DEBUG=1",
					"$(inherited)",
				);
				GCC_WARN_64_TO_32_BIT_CONVERSION = YES;
				GCC_WARN_ABOUT_RETURN_TYPE = YES_ERROR;
				GCC_WARN_UNDECLARED_SELECTOR = YES;
				GCC_WARN_UNINITIALIZED_AUTOS = YES_AGGRESSIVE;
				GCC_WARN_UNUSED_FUNCTION = YES;
				GCC_WARN_UNUSED_VARIABLE = YES;
				IPHONEOS_DEPLOYMENT_TARGET = 15.0;
				MTL_ENABLE_DEBUG_INFO = INCLUDE_SOURCE;
				MTL_FAST_MATH = YES;
				ONLY_ACTIVE_ARCH = YES;
				SDKROOT = iphoneos;
				SWIFT_ACTIVE_COMPILATION_CONDITIONS = DEBUG;
				SWIFT_OPTIMIZATION_LEVEL = "-Onone";
			};
			name = Debug;
		};
		9BA1221B2822C65B00F305A4 /* Release */ = {
			isa = XCBuildConfiguration;
			buildSettings = {
				ALWAYS_SEARCH_USER_PATHS = NO;
				CLANG_ANALYZER_NONNULL = YES;
				CLANG_ANALYZER_NUMBER_OBJECT_CONVERSION = YES_AGGRESSIVE;
				CLANG_CXX_LANGUAGE_STANDARD = "gnu++17";
				CLANG_ENABLE_MODULES = YES;
				CLANG_ENABLE_OBJC_ARC = YES;
				CLANG_ENABLE_OBJC_WEAK = YES;
				CLANG_WARN_BLOCK_CAPTURE_AUTORELEASING = YES;
				CLANG_WARN_BOOL_CONVERSION = YES;
				CLANG_WARN_COMMA = YES;
				CLANG_WARN_CONSTANT_CONVERSION = YES;
				CLANG_WARN_DEPRECATED_OBJC_IMPLEMENTATIONS = YES;
				CLANG_WARN_DIRECT_OBJC_ISA_USAGE = YES_ERROR;
				CLANG_WARN_DOCUMENTATION_COMMENTS = YES;
				CLANG_WARN_EMPTY_BODY = YES;
				CLANG_WARN_ENUM_CONVERSION = YES;
				CLANG_WARN_INFINITE_RECURSION = YES;
				CLANG_WARN_INT_CONVERSION = YES;
				CLANG_WARN_NON_LITERAL_NULL_CONVERSION = YES;
				CLANG_WARN_OBJC_IMPLICIT_RETAIN_SELF = YES;
				CLANG_WARN_OBJC_LITERAL_CONVERSION = YES;
				CLANG_WARN_OBJC_ROOT_CLASS = YES_ERROR;
				CLANG_WARN_QUOTED_INCLUDE_IN_FRAMEWORK_HEADER = YES;
				CLANG_WARN_RANGE_LOOP_ANALYSIS = YES;
				CLANG_WARN_STRICT_PROTOTYPES = YES;
				CLANG_WARN_SUSPICIOUS_MOVE = YES;
				CLANG_WARN_UNGUARDED_AVAILABILITY = YES_AGGRESSIVE;
				CLANG_WARN_UNREACHABLE_CODE = YES;
				CLANG_WARN__DUPLICATE_METHOD_MATCH = YES;
				COPY_PHASE_STRIP = NO;
				DEBUG_INFORMATION_FORMAT = "dwarf-with-dsym";
				ENABLE_NS_ASSERTIONS = NO;
				ENABLE_STRICT_OBJC_MSGSEND = YES;
				GCC_C_LANGUAGE_STANDARD = gnu11;
				GCC_NO_COMMON_BLOCKS = YES;
				GCC_WARN_64_TO_32_BIT_CONVERSION = YES;
				GCC_WARN_ABOUT_RETURN_TYPE = YES_ERROR;
				GCC_WARN_UNDECLARED_SELECTOR = YES;
				GCC_WARN_UNINITIALIZED_AUTOS = YES_AGGRESSIVE;
				GCC_WARN_UNUSED_FUNCTION = YES;
				GCC_WARN_UNUSED_VARIABLE = YES;
				IPHONEOS_DEPLOYMENT_TARGET = 15.0;
				MTL_ENABLE_DEBUG_INFO = NO;
				MTL_FAST_MATH = YES;
				SDKROOT = iphoneos;
				SWIFT_COMPILATION_MODE = wholemodule;
				SWIFT_OPTIMIZATION_LEVEL = "-O";
				VALIDATE_PRODUCT = YES;
			};
			name = Release;
		};
		9BA1221D2822C65B00F305A4 /* Debug */ = {
			isa = XCBuildConfiguration;
			buildSettings = {
				ASSETCATALOG_COMPILER_APPICON_NAME = AppIcon;
				ASSETCATALOG_COMPILER_GLOBAL_ACCENT_COLOR_NAME = AccentColor;
				CODE_SIGN_STYLE = Automatic;
				CURRENT_PROJECT_VERSION = 1;
				DEVELOPMENT_ASSET_PATHS = "\"boycottRussia/Preview Content\"";
				DEVELOPMENT_TEAM = 5V6877CWKR;
				ENABLE_PREVIEWS = YES;
				GENERATE_INFOPLIST_FILE = YES;
				INFOPLIST_FILE = boycottRussia/Info.plist;
				INFOPLIST_KEY_NSCameraUsageDescription = "Нам потрібен доступ до камери для сканування штрих-коду";
				INFOPLIST_KEY_UIApplicationSceneManifest_Generation = YES;
				INFOPLIST_KEY_UIApplicationSupportsIndirectInputEvents = YES;
				INFOPLIST_KEY_UISupportedInterfaceOrientations_iPad = "UIInterfaceOrientationPortrait UIInterfaceOrientationPortraitUpsideDown UIInterfaceOrientationLandscapeLeft UIInterfaceOrientationLandscapeRight";
				INFOPLIST_KEY_UISupportedInterfaceOrientations_iPhone = "UIInterfaceOrientationPortrait UIInterfaceOrientationLandscapeLeft UIInterfaceOrientationLandscapeRight";
				INFOPLIST_KEY_UIUserInterfaceStyle = Light;
				LD_RUNPATH_SEARCH_PATHS = (
					"$(inherited)",
					"@executable_path/Frameworks",
				);
				MARKETING_VERSION = 1.1;
				PRODUCT_BUNDLE_IDENTIFIER = com.boycottrussia.iosapp;
				PRODUCT_NAME = "$(TARGET_NAME)";
				SWIFT_EMIT_LOC_STRINGS = YES;
				SWIFT_VERSION = 5.0;
				TARGETED_DEVICE_FAMILY = 1;
			};
			name = Debug;
		};
		9BA1221E2822C65B00F305A4 /* Release */ = {
			isa = XCBuildConfiguration;
			buildSettings = {
				ASSETCATALOG_COMPILER_APPICON_NAME = AppIcon;
				ASSETCATALOG_COMPILER_GLOBAL_ACCENT_COLOR_NAME = AccentColor;
				CODE_SIGN_STYLE = Automatic;
				CURRENT_PROJECT_VERSION = 1;
				DEVELOPMENT_ASSET_PATHS = "\"boycottRussia/Preview Content\"";
				DEVELOPMENT_TEAM = 5V6877CWKR;
				ENABLE_PREVIEWS = YES;
				GENERATE_INFOPLIST_FILE = YES;
				INFOPLIST_FILE = boycottRussia/Info.plist;
				INFOPLIST_KEY_NSCameraUsageDescription = "Нам потрібен доступ до камери для сканування штрих-коду";
				INFOPLIST_KEY_UIApplicationSceneManifest_Generation = YES;
				INFOPLIST_KEY_UIApplicationSupportsIndirectInputEvents = YES;
				INFOPLIST_KEY_UISupportedInterfaceOrientations_iPad = "UIInterfaceOrientationPortrait UIInterfaceOrientationPortraitUpsideDown UIInterfaceOrientationLandscapeLeft UIInterfaceOrientationLandscapeRight";
				INFOPLIST_KEY_UISupportedInterfaceOrientations_iPhone = "UIInterfaceOrientationPortrait UIInterfaceOrientationLandscapeLeft UIInterfaceOrientationLandscapeRight";
				INFOPLIST_KEY_UIUserInterfaceStyle = Light;
				LD_RUNPATH_SEARCH_PATHS = (
					"$(inherited)",
					"@executable_path/Frameworks",
				);
				MARKETING_VERSION = 1.1;
				PRODUCT_BUNDLE_IDENTIFIER = com.boycottrussia.iosapp;
				PRODUCT_NAME = "$(TARGET_NAME)";
				SWIFT_EMIT_LOC_STRINGS = YES;
				SWIFT_VERSION = 5.0;
				TARGETED_DEVICE_FAMILY = 1;
			};
			name = Release;
		};
/* End XCBuildConfiguration section */

/* Begin XCConfigurationList section */
		9BA122092822C65800F305A4 /* Build configuration list for PBXProject "boycottRussia" */ = {
			isa = XCConfigurationList;
			buildConfigurations = (
				9BA1221A2822C65B00F305A4 /* Debug */,
				9BA1221B2822C65B00F305A4 /* Release */,
			);
			defaultConfigurationIsVisible = 0;
			defaultConfigurationName = Release;
		};
		9BA1221C2822C65B00F305A4 /* Build configuration list for PBXNativeTarget "boycottRussia" */ = {
			isa = XCConfigurationList;
			buildConfigurations = (
				9BA1221D2822C65B00F305A4 /* Debug */,
				9BA1221E2822C65B00F305A4 /* Release */,
			);
			defaultConfigurationIsVisible = 0;
			defaultConfigurationName = Release;
		};
/* End XCConfigurationList section */

/* Begin XCRemoteSwiftPackageReference section */
		9B24BCF5283C09C30038B666 /* XCRemoteSwiftPackageReference "firebase-ios-sdk" */ = {
			isa = XCRemoteSwiftPackageReference;
			repositoryURL = "https://github.com/firebase/firebase-ios-sdk";
			requirement = {
				kind = upToNextMajorVersion;
				minimumVersion = 9.0.0;
			};
		};
		9B4373D02889F4BC0077C21E /* XCRemoteSwiftPackageReference "Siren" */ = {
			isa = XCRemoteSwiftPackageReference;
			repositoryURL = "https://github.com/ArtSabintsev/Siren.git";
			requirement = {
				kind = upToNextMajorVersion;
				minimumVersion = 6.0.0;
			};
		};
		9BA122232822CEE500F305A4 /* XCRemoteSwiftPackageReference "CodeScanner" */ = {
			isa = XCRemoteSwiftPackageReference;
			repositoryURL = "https://github.com/twostraws/CodeScanner";
			requirement = {
				branch = main;
				kind = branch;
			};
		};
/* End XCRemoteSwiftPackageReference section */

/* Begin XCSwiftPackageProductDependency section */
		9B24BCF6283C09C30038B666 /* FirebaseAnalytics */ = {
			isa = XCSwiftPackageProductDependency;
			package = 9B24BCF5283C09C30038B666 /* XCRemoteSwiftPackageReference "firebase-ios-sdk" */;
			productName = FirebaseAnalytics;
		};
		9B24BCF8283C09C30038B666 /* FirebaseDatabase */ = {
			isa = XCSwiftPackageProductDependency;
			package = 9B24BCF5283C09C30038B666 /* XCRemoteSwiftPackageReference "firebase-ios-sdk" */;
			productName = FirebaseDatabase;
		};
		9B24BCFA283C09C30038B666 /* FirebaseFirestore */ = {
			isa = XCSwiftPackageProductDependency;
			package = 9B24BCF5283C09C30038B666 /* XCRemoteSwiftPackageReference "firebase-ios-sdk" */;
			productName = FirebaseFirestore;
		};
		9B24BCFC283C09C30038B666 /* FirebaseStorage */ = {
			isa = XCSwiftPackageProductDependency;
			package = 9B24BCF5283C09C30038B666 /* XCRemoteSwiftPackageReference "firebase-ios-sdk" */;
			productName = FirebaseStorage;
		};
		9B4373D12889F4BC0077C21E /* Siren */ = {
			isa = XCSwiftPackageProductDependency;
			package = 9B4373D02889F4BC0077C21E /* XCRemoteSwiftPackageReference "Siren" */;
			productName = Siren;
		};
		9BA122242822CEE500F305A4 /* CodeScanner */ = {
			isa = XCSwiftPackageProductDependency;
			package = 9BA122232822CEE500F305A4 /* XCRemoteSwiftPackageReference "CodeScanner" */;
			productName = CodeScanner;
		};
/* End XCSwiftPackageProductDependency section */
	};
	rootObject = 9BA122062822C65800F305A4 /* Project object */;
}
